
Microsoft Visual Studio Solution File, Format Version 12.00
# Visual Studio Version 17
VisualStudioVersion = 17.7.34221.43
MinimumVisualStudioVersion = 10.0.40219.1
Project("{FAE04EC0-301F-11D3-BF4B-00C04F79EFBC}") = "AutoAdapter.DuckTyping", "AutoAdapter.DuckTyping\AutoAdapter.DuckTyping.csproj", "{1F6D3466-F3FC-4CB2-A5EE-5FEE9A0DF39C}"
EndProject
Project("{FAE04EC0-301F-11D3-BF4B-00C04F79EFBC}") = "AutoAdapter.DuckTyping.Tests", "AutoAdapter.DuckTyping.Tests\AutoAdapter.DuckTyping.Tests.csproj", "{F06B550A-143D-4D7F-9427-36B71BE36F38}"
EndProject
Project("{FAE04EC0-301F-11D3-BF4B-00C04F79EFBC}") = "AutoAdapter.DuckTyping.PowerShell.Tests", "AutoAdapter.DuckTyping.PowerShell.Tests\AutoAdapter.DuckTyping.PowerShell.Tests.csproj", "{9FA2BA18-D40D-448D-BCE9-B5119335F4B5}"
EndProject
Project("{2150E333-8FDC-42A3-9474-1A3956D46DE8}") = "Solution Items", "Solution Items", "{CBF07074-FD78-4499-BD7C-910978EB2508}"
	ProjectSection(SolutionItems) = preProject
		CODEOWNERS = CODEOWNERS
		LICENSE.txt = LICENSE.txt
		README.md = README.md
	EndProjectSection
EndProject
Project("{F5034706-568F-408A-B7B3-4D38C6DB8A32}") = "AutoAdapter.DuckTyping.PowerShell", "AutoAdapter.DuckTyping.PowerShell\AutoAdapter.DuckTyping.PowerShell.pssproj", "{6CAFC0C6-A428-4D30-A9F9-700E829FEA51}"
EndProject
Global
	GlobalSection(SolutionConfigurationPlatforms) = preSolution
		Debug|Any CPU = Debug|Any CPU
		Release|Any CPU = Release|Any CPU
	EndGlobalSection
	GlobalSection(ProjectConfigurationPlatforms) = postSolution
		{1F6D3466-F3FC-4CB2-A5EE-5FEE9A0DF39C}.Debug|Any CPU.ActiveCfg = Debug|Any CPU
		{1F6D3466-F3FC-4CB2-A5EE-5FEE9A0DF39C}.Debug|Any CPU.Build.0 = Debug|Any CPU
		{1F6D3466-F3FC-4CB2-A5EE-5FEE9A0DF39C}.Release|Any CPU.ActiveCfg = Release|Any CPU
		{1F6D3466-F3FC-4CB2-A5EE-5FEE9A0DF39C}.Release|Any CPU.Build.0 = Release|Any CPU
		{F06B550A-143D-4D7F-9427-36B71BE36F38}.Debug|Any CPU.ActiveCfg = Debug|Any CPU
		{F06B550A-143D-4D7F-9427-36B71BE36F38}.Debug|Any CPU.Build.0 = Debug|Any CPU
		{F06B550A-143D-4D7F-9427-36B71BE36F38}.Release|Any CPU.ActiveCfg = Release|Any CPU
		{F06B550A-143D-4D7F-9427-36B71BE36F38}.Release|Any CPU.Build.0 = Release|Any CPU
		{9FA2BA18-D40D-448D-BCE9-B5119335F4B5}.Debug|Any CPU.ActiveCfg = Debug|Any CPU
		{9FA2BA18-D40D-448D-BCE9-B5119335F4B5}.Debug|Any CPU.Build.0 = Debug|Any CPU
		{9FA2BA18-D40D-448D-BCE9-B5119335F4B5}.Release|Any CPU.ActiveCfg = Release|Any CPU
		{9FA2BA18-D40D-448D-BCE9-B5119335F4B5}.Release|Any CPU.Build.0 = Release|Any CPU
		{6CAFC0C6-A428-4D30-A9F9-700E829FEA51}.Debug|Any CPU.ActiveCfg = Debug|Any CPU
		{6CAFC0C6-A428-4D30-A9F9-700E829FEA51}.Debug|Any CPU.Build.0 = Debug|Any CPU
		{6CAFC0C6-A428-4D30-A9F9-700E829FEA51}.Release|Any CPU.ActiveCfg = Release|Any CPU
		{6CAFC0C6-A428-4D30-A9F9-700E829FEA51}.Release|Any CPU.Build.0 = Release|Any CPU
	EndGlobalSection
	GlobalSection(SolutionProperties) = preSolution
		HideSolutionNode = FALSE
	EndGlobalSection
	GlobalSection(ExtensibilityGlobals) = postSolution
		SolutionGuid = {6B8A704E-6D22-4011-BF60-C8054F5D8AC6}
	EndGlobalSection
EndGlobal
